{
  "name": "altsia-vscode",
  "version": "0.1.0",
  "lockfileVersion": 3,
  "requires": true,
  "packages": {
    "": {
      "name": "altsia-vscode",
      "version": "0.1.0",
      "dependencies": {
        "altsia": "^0.1.2",
        "katex": "^0.16.28"
      },
      "devDependencies": {
        "@types/node": "20.x",
        "@types/vscode": "^1.90.0",
        "typescript": "^5.6.3"
      },
      "engines": {
        "vscode": "^1.90.0"
      }
    },
    "node_modules/@types/node": {
      "version": "20.19.33",
      "dev": true,
      "license": "MIT",
      "dependencies": {
        "undici-types": "~6.21.0"
      }
    },
    "node_modules/@types/vscode": {
      "version": "1.109.0",
      "dev": true,
      "license": "MIT"
    },
    "node_modules/altsia": {
      "version": "0.1.2",
      "resolved": "https://registry.npmjs.org/altsia/-/altsia-0.1.2.tgz",
      "integrity": "sha512-ZiUuTM+ygkckjWB+U+rmgMXUX40lswSoAEr4iRxijXvehOQ5IDSTLCYrwfz1RP4TZv3FaE7aPwYRZxEglluqJQ=="
    },
    "node_modules/commander": {
      "version": "8.3.0",
      "license": "MIT",
      "engines": {
        "node": ">= 12"
      }
    },
    "node_modules/katex": {
      "version": "0.16.28",
      "funding": [
        "https://opencollective.com/katex",
        "https://github.com/sponsors/katex"
      ],
      "license": "MIT",
      "dependencies": {
        "commander": "^8.3.0"
      },
      "bin": {
        "katex": "cli.js"
      }
    },
    "node_modules/typescript": {
      "version": "5.9.3",
      "dev": true,
      "license": "Apache-2.0",
      "bin": {
        "tsc": "bin/tsc",
        "tsserver": "bin/tsserver"
      },
      "engines": {
        "node": ">=14.17"
      }
    },
    "node_modules/undici-types": {
      "version": "6.21.0",
      "dev": true,
      "license": "MIT"
    }
  }
}
